
Microsoft Visual Studio Solution File, Format Version 12.00
# Visual Studio Version 17
VisualStudioVersion = 17.2.32616.157
MinimumVisualStudioVersion = 10.0.40219.1
Project("{9A19103F-16F7-4668-BE54-9A1E7A4F7556}") = "NoteApp.Repository", "NoteApp\NoteApp.Repository.csproj", "{42176B83-517F-4BC0-8C5E-65559D7DD97B}"
EndProject
Project("{9A19103F-16F7-4668-BE54-9A1E7A4F7556}") = "NoteApp.Bussness", "NoteApp.Bussness\NoteApp.Bussness.csproj", "{F364A930-F60C-477E-975C-F27154F43D4B}"
EndProject
Project("{9A19103F-16F7-4668-BE54-9A1E7A4F7556}") = "NoteApp.API", "NoteApp.API\NoteApp.API.csproj", "{2DA6F237-904D-4E80-A3B1-8E94CDDFD897}"
EndProject
Project("{FAE04EC0-301F-11D3-BF4B-00C04F79EFBC}") = "WinFormsApp", "WinFormsApp\WinFormsApp.csproj", "{F0A869F5-2BFC-4411-984A-781546835CE6}"
EndProject
Global
	GlobalSection(SolutionConfigurationPlatforms) = preSolution
		Debug|Any CPU = Debug|Any CPU
		Release|Any CPU = Release|Any CPU
	EndGlobalSection
	GlobalSection(ProjectConfigurationPlatforms) = postSolution
		{42176B83-517F-4BC0-8C5E-65559D7DD97B}.Debug|Any CPU.ActiveCfg = Debug|Any CPU
		{42176B83-517F-4BC0-8C5E-65559D7DD97B}.Debug|Any CPU.Build.0 = Debug|Any CPU
		{42176B83-517F-4BC0-8C5E-65559D7DD97B}.Release|Any CPU.ActiveCfg = Release|Any CPU
		{42176B83-517F-4BC0-8C5E-65559D7DD97B}.Release|Any CPU.Build.0 = Release|Any CPU
		{F364A930-F60C-477E-975C-F27154F43D4B}.Debug|Any CPU.ActiveCfg = Debug|Any CPU
		{F364A930-F60C-477E-975C-F27154F43D4B}.Debug|Any CPU.Build.0 = Debug|Any CPU
		{F364A930-F60C-477E-975C-F27154F43D4B}.Release|Any CPU.ActiveCfg = Release|Any CPU
		{F364A930-F60C-477E-975C-F27154F43D4B}.Release|Any CPU.Build.0 = Release|Any CPU
		{2DA6F237-904D-4E80-A3B1-8E94CDDFD897}.Debug|Any CPU.ActiveCfg = Debug|Any CPU
		{2DA6F237-904D-4E80-A3B1-8E94CDDFD897}.Debug|Any CPU.Build.0 = Debug|Any CPU
		{2DA6F237-904D-4E80-A3B1-8E94CDDFD897}.Release|Any CPU.ActiveCfg = Release|Any CPU
		{2DA6F237-904D-4E80-A3B1-8E94CDDFD897}.Release|Any CPU.Build.0 = Release|Any CPU
		{F0A869F5-2BFC-4411-984A-781546835CE6}.Debug|Any CPU.ActiveCfg = Debug|Any CPU
		{F0A869F5-2BFC-4411-984A-781546835CE6}.Debug|Any CPU.Build.0 = Debug|Any CPU
		{F0A869F5-2BFC-4411-984A-781546835CE6}.Release|Any CPU.ActiveCfg = Release|Any CPU
		{F0A869F5-2BFC-4411-984A-781546835CE6}.Release|Any CPU.Build.0 = Release|Any CPU
	EndGlobalSection
	GlobalSection(SolutionProperties) = preSolution
		HideSolutionNode = FALSE
	EndGlobalSection
	GlobalSection(ExtensibilityGlobals) = postSolution
		SolutionGuid = {EBEBFE62-E799-4227-96B0-6E978F9C50C8}
	EndGlobalSection
EndGlobal
